{
  "name": "@socialgorithm/ultimate-ttt-player",
  "version": "10.0.0",
  "lockfileVersion": 2,
  "requires": true,
  "packages": {
    "": {
      "name": "@socialgorithm/ultimate-ttt-player",
      "version": "10.0.0",
      "license": "MIT",
      "dependencies": {
        "@socialgorithm/ultimate-ttt": "^10.0.2"
      }
    },
    "node_modules/@socialgorithm/ultimate-ttt": {
      "version": "10.0.2",
      "resolved": "https://registry.npmjs.org/@socialgorithm/ultimate-ttt/-/ultimate-ttt-10.0.2.tgz",
      "integrity": "sha512-56oNdQ2AeluJakKuXhcXtdZc4M4nNuvxdrDkScNHkQPjYEzerabeRLdYsJS4souRUglBmMBMZGS2t3oCDmUM0w=="
    }
  },
  "dependencies": {
    "@socialgorithm/ultimate-ttt": {
      "version": "10.0.2",
      "resolved": "https://registry.npmjs.org/@socialgorithm/ultimate-ttt/-/ultimate-ttt-10.0.2.tgz",
      "integrity": "sha512-56oNdQ2AeluJakKuXhcXtdZc4M4nNuvxdrDkScNHkQPjYEzerabeRLdYsJS4souRUglBmMBMZGS2t3oCDmUM0w=="
    }
  }
}
